Microsoft Visual Studio Solution File, Format Version 12.00
# Visual Studio Version 17
VisualStudioVersion = 17.5.2.0
MinimumVisualStudioVersion = 10.0.40219.1
Project("{FAE04EC0-301F-11D3-BF4B-00C04F79EFBC}") = "Messenger", "Messenger\Messenger.csproj", "{D62A3E79-AA7C-AF47-7C6B-0DB3111F8FED}"
EndProject
Global
	GlobalSection(SolutionConfigurationPlatforms) = preSolution
		Debug|Any CPU = Debug|Any CPU
		Release|Any CPU = Release|Any CPU
	EndGlobalSection
	GlobalSection(ProjectConfigurationPlatforms) = postSolution
		{D62A3E79-AA7C-AF47-7C6B-0DB3111F8FED}.Debug|Any CPU.ActiveCfg = Debug|Any CPU
		{D62A3E79-AA7C-AF47-7C6B-0DB3111F8FED}.Debug|Any CPU.Build.0 = Debug|Any CPU
		{D62A3E79-AA7C-AF47-7C6B-0DB3111F8FED}.Release|Any CPU.ActiveCfg = Release|Any CPU
		{D62A3E79-AA7C-AF47-7C6B-0DB3111F8FED}.Release|Any CPU.Build.0 = Release|Any CPU
	EndGlobalSection
	GlobalSection(SolutionProperties) = preSolution
		HideSolutionNode = FALSE
	EndGlobalSection
	GlobalSection(ExtensibilityGlobals) = postSolution
		SolutionGuid = {52947CDC-713E-4FA3-A12C-F9BBC2C2233C}
	EndGlobalSection
EndGlobal
